// !$*UTF8*$!
{
	archiveVersion = 1;
	classes = {
	};
	objectVersion = 48;
	objects = {

/* Begin PBXBuildFile section */
		8E6478012207A3E300D402E3 /* template.cpp in Sources */ = {isa = PBXBuildFile; fileRef = 8E6478002207A3E300D402E3 /* template.cpp */; };
		8ECF85DE2202B56D004AA1F5 /* glad.c in Sources */ = {isa = PBXBuildFile; fileRef = 8ECF85DB22016616004AA1F5 /* glad.c */; };
		8ECF85DF2202B56D004AA1F5 /* shader.cpp in Sources */ = {isa = PBXBuildFile; fileRef = 8ECF85DA22016616004AA1F5 /* shader.cpp */; };
		8ECF85E02202B56D004AA1F5 /* main.cpp in Sources */ = {isa = PBXBuildFile; fileRef = B350F75621F557A100138980 /* main.cpp */; };
		8ECF85E22202B580004AA1F5 /* stb_image.cpp in Sources */ = {isa = PBXBuildFile; fileRef = 8ECF85E12202B580004AA1F5 /* stb_image.cpp */; };
		B350F76321F558B600138980 /* libglfw.3.2.dylib in Frameworks */ = {isa = PBXBuildFile; fileRef = B350F76221F558B600138980 /* libglfw.3.2.dylib */; };
		B350F76521F55AFE00138980 /* OpenGL.framework in Frameworks */ = {isa = PBXBuildFile; fileRef = B350F76421F55AFE00138980 /* OpenGL.framework */; };
/* End PBXBuildFile section */

/* Begin PBXCopyFilesBuildPhase section */
		B350F75121F557A100138980 /* Copy Files */ = {
			isa = PBXCopyFilesBuildPhase;
			buildActionMask = 2147483647;
			dstPath = /usr/share/man/man1/;
			dstSubfolderSpec = 0;
			files = (
			);
			name = "Copy Files";
			runOnlyForDeploymentPostprocessing = 1;
		};
/* End PBXCopyFilesBuildPhase section */

/* Begin PBXFileReference section */
		8E6478002207A3E300D402E3 /* template.cpp */ = {isa = PBXFileReference; lastKnownFileType = sourcecode.cpp.cpp; name = template.cpp; path = OpenGL/template.cpp; sourceTree = "<group>"; };
		8ECF85DA22016616004AA1F5 /* shader.cpp */ = {isa = PBXFileReference; lastKnownFileType = sourcecode.cpp.cpp; path = shader.cpp; sourceTree = "<group>"; };
		8ECF85DB22016616004AA1F5 /* glad.c */ = {isa = PBXFileReference; lastKnownFileType = sourcecode.c.c; path = glad.c; sourceTree = "<group>"; };
		8ECF85E12202B580004AA1F5 /* stb_image.cpp */ = {isa = PBXFileReference; lastKnownFileType = sourcecode.cpp.cpp; path = stb_image.cpp; sourceTree = "<group>"; };
		8ECF85E32202BB87004AA1F5 /* libm.tbd */ = {isa = PBXFileReference; lastKnownFileType = "sourcecode.text-based-dylib-definition"; name = libm.tbd; path = usr/lib/libm.tbd; sourceTree = SDKROOT; };
		B350F75321F557A100138980 /* OpenGL */ = {isa = PBXFileReference; explicitFileType = "compiled.mach-o.executable"; includeInIndex = 0; path = OpenGL; sourceTree = BUILT_PRODUCTS_DIR; };
		B350F75621F557A100138980 /* main.cpp */ = {isa = PBXFileReference; lastKnownFileType = sourcecode.cpp.cpp; path = main.cpp; sourceTree = "<group>"; };
		B350F76221F558B600138980 /* libglfw.3.2.dylib */ = {isa = PBXFileReference; lastKnownFileType = "compiled.mach-o.dylib"; name = libglfw.3.2.dylib; path = ../../../usr/local/Cellar/glfw/3.2.1/lib/libglfw.3.2.dylib; sourceTree = "<group>"; };
		B350F76421F55AFE00138980 /* OpenGL.framework */ = {isa = PBXFileReference; lastKnownFileType = wrapper.framework; name = OpenGL.framework; path = System/Library/Frameworks/OpenGL.framework; sourceTree = SDKROOT; };
		B350F76721F560AB00138980 /* FragmentShader.glsl */ = {isa = PBXFileReference; fileEncoding = 4; lastKnownFileType = text; path = FragmentShader.glsl; sourceTree = "<group>"; };
		B350F76921F560AB00138980 /* VertexShader.glsl */ = {isa = PBXFileReference; fileEncoding = 4; lastKnownFileType = text; path = VertexShader.glsl; sourceTree = "<group>"; };
/* End PBXFileReference section */

/* Begin PBXFrameworksBuildPhase section */
		B350F75021F557A100138980 /* Frameworks */ = {
			isa = PBXFrameworksBuildPhase;
			buildActionMask = 2147483647;
			files = (
				B350F76321F558B600138980 /* libglfw.3.2.dylib in Frameworks */,
				B350F76521F55AFE00138980 /* OpenGL.framework in Frameworks */,
			);
			runOnlyForDeploymentPostprocessing = 0;
		};
/* End PBXFrameworksBuildPhase section */

/* Begin PBXGroup section */
		B350F74A21F557A100138980 = {
			isa = PBXGroup;
			children = (
				8E6478002207A3E300D402E3 /* template.cpp */,
				B350F75521F557A100138980 /* OpenGL */,
				B350F75421F557A100138980 /* Products */,
				B350F75F21F5587E00138980 /* Frameworks */,
			);
			sourceTree = "<group>";
		};
		B350F75421F557A100138980 /* Products */ = {
			isa = PBXGroup;
			children = (
				B350F75321F557A100138980 /* OpenGL */,
			);
			name = Products;
			sourceTree = "<group>";
		};
		B350F75521F557A100138980 /* OpenGL */ = {
			isa = PBXGroup;
			children = (
				8ECF85E12202B580004AA1F5 /* stb_image.cpp */,
				8ECF85DB22016616004AA1F5 /* glad.c */,
				8ECF85DA22016616004AA1F5 /* shader.cpp */,
				B350F76921F560AB00138980 /* VertexShader.glsl */,
				B350F76721F560AB00138980 /* FragmentShader.glsl */,
				B350F75621F557A100138980 /* main.cpp */,
			);
			path = OpenGL;
			sourceTree = "<group>";
		};
		B350F75F21F5587E00138980 /* Frameworks */ = {
			isa = PBXGroup;
			children = (
				8ECF85E32202BB87004AA1F5 /* libm.tbd */,
				B350F76421F55AFE00138980 /* OpenGL.framework */,
				B350F76221F558B600138980 /* libglfw.3.2.dylib */,
			);
			name = Frameworks;
			sourceTree = "<group>";
		};
/* End PBXGroup section */

/* Begin PBXNativeTarget section */
		B350F75221F557A100138980 /* OpenGL */ = {
			isa = PBXNativeTarget;
			buildConfigurationList = B350F75A21F557A100138980 /* Build configuration list for PBXNativeTarget "OpenGL" */;
			buildPhases = (
				B350F74F21F557A100138980 /* Sources */,
				B350F75021F557A100138980 /* Frameworks */,
				B350F75121F557A100138980 /* Copy Files */,
			);
			buildRules = (
			);
			dependencies = (
			);
			name = OpenGL;
			productName = OpenGL;
			productReference = B350F75321F557A100138980 /* OpenGL */;
			productType = "com.apple.product-type.tool";
		};
/* End PBXNativeTarget section */

/* Begin PBXProject section */
		B350F74B21F557A100138980 /* Project object */ = {
			isa = PBXProject;
			attributes = {
				LastUpgradeCheck = 0920;
				ORGANIZATIONNAME = basstal;
				TargetAttributes = {
					B350F75221F557A100138980 = {
						CreatedOnToolsVersion = 9.2;
						ProvisioningStyle = Automatic;
					};
				};
			};
			buildConfigurationList = B350F74E21F557A100138980 /* Build configuration list for PBXProject "OpenGL" */;
			compatibilityVersion = "Xcode 8.0";
			developmentRegion = en;
			hasScannedForEncodings = 0;
			knownRegions = (
				en,
			);
			mainGroup = B350F74A21F557A100138980;
			productRefGroup = B350F75421F557A100138980 /* Products */;
			projectDirPath = "";
			projectRoot = "";
			targets = (
				B350F75221F557A100138980 /* OpenGL */,
			);
		};
/* End PBXProject section */

/* Begin PBXSourcesBuildPhase section */
		B350F74F21F557A100138980 /* Sources */ = {
			isa = PBXSourcesBuildPhase;
			buildActionMask = 2147483647;
			files = (
				8E6478012207A3E300D402E3 /* template.cpp in Sources */,
				8ECF85E22202B580004AA1F5 /* stb_image.cpp in Sources */,
				8ECF85DE2202B56D004AA1F5 /* glad.c in Sources */,
				8ECF85DF2202B56D004AA1F5 /* shader.cpp in Sources */,
				8ECF85E02202B56D004AA1F5 /* main.cpp in Sources */,
			);
			runOnlyForDeploymentPostprocessing = 0;
		};
/* End PBXSourcesBuildPhase section */

/* Begin XCBuildConfiguration section */
		B350F75821F557A100138980 /* Debug */ = {
			isa = XCBuildConfiguration;
			buildSettings = {
				ALWAYS_SEARCH_USER_PATHS = NO;
				CLANG_ANALYZER_NONNULL = YES;
				CLANG_ANALYZER_NUMBER_OBJECT_CONVERSION = YES_AGGRESSIVE;
				CLANG_CXX_LANGUAGE_STANDARD = "gnu++14";
				CLANG_CXX_LIBRARY = "libc++";
				CLANG_ENABLE_MODULES = YES;
				CLANG_ENABLE_OBJC_ARC = YES;
				CLANG_WARN_BLOCK_CAPTURE_AUTORELEASING = YES;
				CLANG_WARN_BOOL_CONVERSION = YES;
				CLANG_WARN_COMMA = YES;
				CLANG_WARN_CONSTANT_CONVERSION = YES;
				CLANG_WARN_DIRECT_OBJC_ISA_USAGE = YES_ERROR;
				CLANG_WARN_DOCUMENTATION_COMMENTS = YES;
				CLANG_WARN_EMPTY_BODY = YES;
				CLANG_WARN_ENUM_CONVERSION = YES;
				CLANG_WARN_INFINITE_RECURSION = YES;
				CLANG_WARN_INT_CONVERSION = YES;
				CLANG_WARN_NON_LITERAL_NULL_CONVERSION = YES;
				CLANG_WARN_OBJC_LITERAL_CONVERSION = YES;
				CLANG_WARN_OBJC_ROOT_CLASS = YES_ERROR;
				CLANG_WARN_RANGE_LOOP_ANALYSIS = YES;
				CLANG_WARN_STRICT_PROTOTYPES = YES;
				CLANG_WARN_SUSPICIOUS_MOVE = YES;
				CLANG_WARN_UNGUARDED_AVAILABILITY = YES_AGGRESSIVE;
				CLANG_WARN_UNREACHABLE_CODE = YES;
				CLANG_WARN__DUPLICATE_METHOD_MATCH = YES;
				CODE_SIGN_IDENTITY = "-";
				COPY_PHASE_STRIP = NO;
				DEBUG_INFORMATION_FORMAT = dwarf;
				ENABLE_STRICT_OBJC_MSGSEND = YES;
				ENABLE_TESTABILITY = YES;
				GCC_C_LANGUAGE_STANDARD = gnu11;
				GCC_DYNAMIC_NO_PIC = NO;
				GCC_NO_COMMON_BLOCKS = YES;
				GCC_OPTIMIZATION_LEVEL = 0;
				GCC_PREPROCESSOR_DEFINITIONS = (
					"DEBUG=1",
					"$(inherited)",
				);
				GCC_WARN_64_TO_32_BIT_CONVERSION = YES;
				GCC_WARN_ABOUT_RETURN_TYPE = YES_ERROR;
				GCC_WARN_UNDECLARED_SELECTOR = YES;
				GCC_WARN_UNINITIALIZED_AUTOS = YES_AGGRESSIVE;
				GCC_WARN_UNUSED_FUNCTION = YES;
				GCC_WARN_UNUSED_VARIABLE = YES;
				MACOSX_DEPLOYMENT_TARGET = 10.13;
				MTL_ENABLE_DEBUG_INFO = YES;
				ONLY_ACTIVE_ARCH = YES;
				SDKROOT = macosx;
			};
			name = Debug;
		};
		B350F75921F557A100138980 /* Release */ = {
			isa = XCBuildConfiguration;
			buildSettings = {
				ALWAYS_SEARCH_USER_PATHS = NO;
				CLANG_ANALYZER_NONNULL = YES;
				CLANG_ANALYZER_NUMBER_OBJECT_CONVERSION = YES_AGGRESSIVE;
				CLANG_CXX_LANGUAGE_STANDARD = "gnu++14";
				CLANG_CXX_LIBRARY = "libc++";
				CLANG_ENABLE_MODULES = YES;
				CLANG_ENABLE_OBJC_ARC = YES;
				CLANG_WARN_BLOCK_CAPTURE_AUTORELEASING = YES;
				CLANG_WARN_BOOL_CONVERSION = YES;
				CLANG_WARN_COMMA = YES;
				CLANG_WARN_CONSTANT_CONVERSION = YES;
				CLANG_WARN_DIRECT_OBJC_ISA_USAGE = YES_ERROR;
				CLANG_WARN_DOCUMENTATION_COMMENTS = YES;
				CLANG_WARN_EMPTY_BODY = YES;
				CLANG_WARN_ENUM_CONVERSION = YES;
				CLANG_WARN_INFINITE_RECURSION = YES;
				CLANG_WARN_INT_CONVERSION = YES;
				CLANG_WARN_NON_LITERAL_NULL_CONVERSION = YES;
				CLANG_WARN_OBJC_LITERAL_CONVERSION = YES;
				CLANG_WARN_OBJC_ROOT_CLASS = YES_ERROR;
				CLANG_WARN_RANGE_LOOP_ANALYSIS = YES;
				CLANG_WARN_STRICT_PROTOTYPES = YES;
				CLANG_WARN_SUSPICIOUS_MOVE = YES;
				CLANG_WARN_UNGUARDED_AVAILABILITY = YES_AGGRESSIVE;
				CLANG_WARN_UNREACHABLE_CODE = YES;
				CLANG_WARN__DUPLICATE_METHOD_MATCH = YES;
				CODE_SIGN_IDENTITY = "-";
				COPY_PHASE_STRIP = NO;
				DEBUG_INFORMATION_FORMAT = "dwarf-with-dsym";
				ENABLE_NS_ASSERTIONS = NO;
				ENABLE_STRICT_OBJC_MSGSEND = YES;
				GCC_C_LANGUAGE_STANDARD = gnu11;
				GCC_NO_COMMON_BLOCKS = YES;
				GCC_WARN_64_TO_32_BIT_CONVERSION = YES;
				GCC_WARN_ABOUT_RETURN_TYPE = YES_ERROR;
				GCC_WARN_UNDECLARED_SELECTOR = YES;
				GCC_WARN_UNINITIALIZED_AUTOS = YES_AGGRESSIVE;
				GCC_WARN_UNUSED_FUNCTION = YES;
				GCC_WARN_UNUSED_VARIABLE = YES;
				MACOSX_DEPLOYMENT_TARGET = 10.13;
				MTL_ENABLE_DEBUG_INFO = NO;
				SDKROOT = macosx;
			};
			name = Release;
		};
		B350F75B21F557A100138980 /* Debug */ = {
			isa = XCBuildConfiguration;
			buildSettings = {
				CODE_SIGN_STYLE = Automatic;
				HEADER_SEARCH_PATHS = (
					"$(inherited)",
					/usr/local/include,
					/usr/local/Cellar/glfw/3.2.1/include,
					./OpenGL/include,
				);
				LIBRARY_SEARCH_PATHS = (
					"$(inherited)",
					/usr/local/Cellar/glfw/3.2.1/lib,
				);
				PRODUCT_NAME = "$(TARGET_NAME)";
			};
			name = Debug;
		};
		B350F75C21F557A100138980 /* Release */ = {
			isa = XCBuildConfiguration;
			buildSettings = {
				CODE_SIGN_STYLE = Automatic;
				HEADER_SEARCH_PATHS = (
					"$(inherited)",
					/usr/local/include,
					/usr/local/Cellar/glfw/3.2.1/include,
					./OpenGL/include,
				);
				LIBRARY_SEARCH_PATHS = (
					"$(inherited)",
					/usr/local/Cellar/glfw/3.2.1/lib,
				);
				PRODUCT_NAME = "$(TARGET_NAME)";
			};
			name = Release;
		};
/* End XCBuildConfiguration section */

/* Begin XCConfigurationList section */
		B350F74E21F557A100138980 /* Build configuration list for PBXProject "OpenGL" */ = {
			isa = XCConfigurationList;
			buildConfigurations = (
				B350F75821F557A100138980 /* Debug */,
				B350F75921F557A100138980 /* Release */,
			);
			defaultConfigurationIsVisible = 0;
			defaultConfigurationName = Release;
		};
		B350F75A21F557A100138980 /* Build configuration list for PBXNativeTarget "OpenGL" */ = {
			isa = XCConfigurationList;
			buildConfigurations = (
				B350F75B21F557A100138980 /* Debug */,
				B350F75C21F557A100138980 /* Release */,
			);
			defaultConfigurationIsVisible = 0;
			defaultConfigurationName = Release;
		};
/* End XCConfigurationList section */
	};
	rootObject = B350F74B21F557A100138980 /* Project object */;
}
